// !$*UTF8*$!
{
	archiveVersion = 1;
	classes = {
	};
	objectVersion = 56;
	objects = {

/* Begin PBXBuildFile section */
		A043AD7D2B9B723500A771FD /* StateAndDataFlowApp.swift in Sources */ = {isa = PBXBuildFile; fileRef = A043AD7C2B9B723500A771FD /* StateAndDataFlowApp.swift */; };
		A043AD7F2B9B723500A771FD /* MainView.swift in Sources */ = {isa = PBXBuildFile; fileRef = A043AD7E2B9B723500A771FD /* MainView.swift */; };
		A043AD812B9B723600A771FD /* Assets.xcassets in Resources */ = {isa = PBXBuildFile; fileRef = A043AD802B9B723600A771FD /* Assets.xcassets */; };
		A043AD842B9B723600A771FD /* Preview Assets.xcassets in Resources */ = {isa = PBXBuildFile; fileRef = A043AD832B9B723600A771FD /* Preview Assets.xcassets */; };
		A043AD8D2B9B74D000A771FD /* MainViewViewModel.swift in Sources */ = {isa = PBXBuildFile; fileRef = A043AD8C2B9B74D000A771FD /* MainViewViewModel.swift */; };
		A043AD8F2B9B74F000A771FD /* LoginView.swift in Sources */ = {isa = PBXBuildFile; fileRef = A043AD8E2B9B74F000A771FD /* LoginView.swift */; };
		A043AD912B9B74FE00A771FD /* LoginViewViewModel.swift in Sources */ = {isa = PBXBuildFile; fileRef = A043AD902B9B74FE00A771FD /* LoginViewViewModel.swift */; };
		A043AD962B9B7DF000A771FD /* RootView.swift in Sources */ = {isa = PBXBuildFile; fileRef = A043AD952B9B7DF000A771FD /* RootView.swift */; };
		A08EF3F92B9C958600B1CF55 /* StorageManager.swift in Sources */ = {isa = PBXBuildFile; fileRef = A08EF3F82B9C958600B1CF55 /* StorageManager.swift */; };
		A0F5C5EA2B9C476300EB3349 /* User.swift in Sources */ = {isa = PBXBuildFile; fileRef = A0F5C5E92B9C476300EB3349 /* User.swift */; };
/* End PBXBuildFile section */

/* Begin PBXFileReference section */
		A043AD792B9B723500A771FD /* StateAndDataFlow.app */ = {isa = PBXFileReference; explicitFileType = wrapper.application; includeInIndex = 0; path = StateAndDataFlow.app; sourceTree = BUILT_PRODUCTS_DIR; };
		A043AD7C2B9B723500A771FD /* StateAndDataFlowApp.swift */ = {isa = PBXFileReference; lastKnownFileType = sourcecode.swift; path = StateAndDataFlowApp.swift; sourceTree = "<group>"; };
		A043AD7E2B9B723500A771FD /* MainView.swift */ = {isa = PBXFileReference; lastKnownFileType = sourcecode.swift; path = MainView.swift; sourceTree = "<group>"; };
		A043AD802B9B723600A771FD /* Assets.xcassets */ = {isa = PBXFileReference; lastKnownFileType = folder.assetcatalog; path = Assets.xcassets; sourceTree = "<group>"; };
		A043AD832B9B723600A771FD /* Preview Assets.xcassets */ = {isa = PBXFileReference; lastKnownFileType = folder.assetcatalog; path = "Preview Assets.xcassets"; sourceTree = "<group>"; };
		A043AD8C2B9B74D000A771FD /* MainViewViewModel.swift */ = {isa = PBXFileReference; lastKnownFileType = sourcecode.swift; path = MainViewViewModel.swift; sourceTree = "<group>"; };
		A043AD8E2B9B74F000A771FD /* LoginView.swift */ = {isa = PBXFileReference; lastKnownFileType = sourcecode.swift; path = LoginView.swift; sourceTree = "<group>"; };
		A043AD902B9B74FE00A771FD /* LoginViewViewModel.swift */ = {isa = PBXFileReference; lastKnownFileType = sourcecode.swift; path = LoginViewViewModel.swift; sourceTree = "<group>"; };
		A043AD952B9B7DF000A771FD /* RootView.swift */ = {isa = PBXFileReference; lastKnownFileType = sourcecode.swift; path = RootView.swift; sourceTree = "<group>"; };
		A08EF3F82B9C958600B1CF55 /* StorageManager.swift */ = {isa = PBXFileReference; lastKnownFileType = sourcecode.swift; path = StorageManager.swift; sourceTree = "<group>"; };
		A0F5C5E92B9C476300EB3349 /* User.swift */ = {isa = PBXFileReference; lastKnownFileType = sourcecode.swift; path = User.swift; sourceTree = "<group>"; };
/* End PBXFileReference section */

/* Begin PBXFrameworksBuildPhase section */
		A043AD762B9B723500A771FD /* Frameworks */ = {
			isa = PBXFrameworksBuildPhase;
			buildActionMask = 2147483647;
			files = (
			);
			runOnlyForDeploymentPostprocessing = 0;
		};
/* End PBXFrameworksBuildPhase section */

/* Begin PBXGroup section */
		A043AD702B9B723500A771FD = {
			isa = PBXGroup;
			children = (
				A043AD7B2B9B723500A771FD /* StateAndDataFlow */,
				A043AD7A2B9B723500A771FD /* Products */,
			);
			sourceTree = "<group>";
		};
		A043AD7A2B9B723500A771FD /* Products */ = {
			isa = PBXGroup;
			children = (
				A043AD792B9B723500A771FD /* StateAndDataFlow.app */,
			);
			name = Products;
			sourceTree = "<group>";
		};
		A043AD7B2B9B723500A771FD /* StateAndDataFlow */ = {
			isa = PBXGroup;
			children = (
				A043AD7C2B9B723500A771FD /* StateAndDataFlowApp.swift */,
				A043AD8A2B9B74B600A771FD /* LoginView */,
				A043AD8B2B9B74BA00A771FD /* MainView */,
				A043AD942B9B7DCF00A771FD /* Services */,
				A043AD932B9B7DCA00A771FD /* Models */,
				A043AD922B9B7DC600A771FD /* Views */,
				A043AD802B9B723600A771FD /* Assets.xcassets */,
				A043AD822B9B723600A771FD /* Preview Content */,
			);
			path = StateAndDataFlow;
			sourceTree = "<group>";
		};
		A043AD822B9B723600A771FD /* Preview Content */ = {
			isa = PBXGroup;
			children = (
				A043AD832B9B723600A771FD /* Preview Assets.xcassets */,
			);
			path = "Preview Content";
			sourceTree = "<group>";
		};
		A043AD8A2B9B74B600A771FD /* LoginView */ = {
			isa = PBXGroup;
			children = (
				A043AD8E2B9B74F000A771FD /* LoginView.swift */,
				A043AD902B9B74FE00A771FD /* LoginViewViewModel.swift */,
			);
			path = LoginView;
			sourceTree = "<group>";
		};
		A043AD8B2B9B74BA00A771FD /* MainView */ = {
			isa = PBXGroup;
			children = (
				A043AD7E2B9B723500A771FD /* MainView.swift */,
				A043AD8C2B9B74D000A771FD /* MainViewViewModel.swift */,
			);
			path = MainView;
			sourceTree = "<group>";
		};
		A043AD922B9B7DC600A771FD /* Views */ = {
			isa = PBXGroup;
			children = (
				A043AD952B9B7DF000A771FD /* RootView.swift */,
			);
			path = Views;
			sourceTree = "<group>";
		};
		A043AD932B9B7DCA00A771FD /* Models */ = {
			isa = PBXGroup;
			children = (
				A0F5C5E92B9C476300EB3349 /* User.swift */,
			);
			path = Models;
			sourceTree = "<group>";
		};
		A043AD942B9B7DCF00A771FD /* Services */ = {
			isa = PBXGroup;
			children = (
				A08EF3F82B9C958600B1CF55 /* StorageManager.swift */,
			);
			path = Services;
			sourceTree = "<group>";
		};
/* End PBXGroup section */

/* Begin PBXNativeTarget section */
		A043AD782B9B723500A771FD /* StateAndDataFlow */ = {
			isa = PBXNativeTarget;
			buildConfigurationList = A043AD872B9B723600A771FD /* Build configuration list for PBXNativeTarget "StateAndDataFlow" */;
			buildPhases = (
				A043AD752B9B723500A771FD /* Sources */,
				A043AD762B9B723500A771FD /* Frameworks */,
				A043AD772B9B723500A771FD /* Resources */,
			);
			buildRules = (
			);
			dependencies = (
			);
			name = StateAndDataFlow;
			productName = StateAndDataFlow;
			productReference = A043AD792B9B723500A771FD /* StateAndDataFlow.app */;
			productType = "com.apple.product-type.application";
		};
/* End PBXNativeTarget section */

/* Begin PBXProject section */
		A043AD712B9B723500A771FD /* Project object */ = {
			isa = PBXProject;
			attributes = {
				BuildIndependentTargetsInParallel = 1;
				LastSwiftUpdateCheck = 1530;
				LastUpgradeCheck = 1530;
				TargetAttributes = {
					A043AD782B9B723500A771FD = {
						CreatedOnToolsVersion = 15.3;
					};
				};
			};
			buildConfigurationList = A043AD742B9B723500A771FD /* Build configuration list for PBXProject "StateAndDataFlow" */;
			compatibilityVersion = "Xcode 14.0";
			developmentRegion = en;
			hasScannedForEncodings = 0;
			knownRegions = (
				en,
				Base,
			);
			mainGroup = A043AD702B9B723500A771FD;
			productRefGroup = A043AD7A2B9B723500A771FD /* Products */;
			projectDirPath = "";
			projectRoot = "";
			targets = (
				A043AD782B9B723500A771FD /* StateAndDataFlow */,
			);
		};
/* End PBXProject section */

/* Begin PBXResourcesBuildPhase section */
		A043AD772B9B723500A771FD /* Resources */ = {
			isa = PBXResourcesBuildPhase;
			buildActionMask = 2147483647;
			files = (
				A043AD842B9B723600A771FD /* Preview Assets.xcassets in Resources */,
				A043AD812B9B723600A771FD /* Assets.xcassets in Resources */,
			);
			runOnlyForDeploymentPostprocessing = 0;
		};
/* End PBXResourcesBuildPhase section */

/* Begin PBXSourcesBuildPhase section */
		A043AD752B9B723500A771FD /* Sources */ = {
			isa = PBXSourcesBuildPhase;
			buildActionMask = 2147483647;
			files = (
				A043AD912B9B74FE00A771FD /* LoginViewViewModel.swift in Sources */,
				A043AD7F2B9B723500A771FD /* MainView.swift in Sources */,
				A043AD962B9B7DF000A771FD /* RootView.swift in Sources */,
				A043AD7D2B9B723500A771FD /* StateAndDataFlowApp.swift in Sources */,
				A043AD8F2B9B74F000A771FD /* LoginView.swift in Sources */,
				A043AD8D2B9B74D000A771FD /* MainViewViewModel.swift in Sources */,
				A0F5C5EA2B9C476300EB3349 /* User.swift in Sources */,
				A08EF3F92B9C958600B1CF55 /* StorageManager.swift in Sources */,
			);
			runOnlyForDeploymentPostprocessing = 0;
		};
/* End PBXSourcesBuildPhase section */

/* Begin XCBuildConfiguration section */
		A043AD852B9B723600A771FD /* Debug */ = {
			isa = XCBuildConfiguration;
			buildSettings = {
				ALWAYS_SEARCH_USER_PATHS = NO;
				ASSETCATALOG_COMPILER_GENERATE_SWIFT_ASSET_SYMBOL_EXTENSIONS = YES;
				CLANG_ANALYZER_NONNULL = YES;
				CLANG_ANALYZER_NUMBER_OBJECT_CONVERSION = YES_AGGRESSIVE;
				CLANG_CXX_LANGUAGE_STANDARD = "gnu++20";
				CLANG_ENABLE_MODULES = YES;
				CLANG_ENABLE_OBJC_ARC = YES;
				CLANG_ENABLE_OBJC_WEAK = YES;
				CLANG_WARN_BLOCK_CAPTURE_AUTORELEASING = YES;
				CLANG_WARN_BOOL_CONVERSION = YES;
				CLANG_WARN_COMMA = YES;
				CLANG_WARN_CONSTANT_CONVERSION = YES;
				CLANG_WARN_DEPRECATED_OBJC_IMPLEMENTATIONS = YES;
				CLANG_WARN_DIRECT_OBJC_ISA_USAGE = YES_ERROR;
				CLANG_WARN_DOCUMENTATION_COMMENTS = YES;
				CLANG_WARN_EMPTY_BODY = YES;
				CLANG_WARN_ENUM_CONVERSION = YES;
				CLANG_WARN_INFINITE_RECURSION = YES;
				CLANG_WARN_INT_CONVERSION = YES;
				CLANG_WARN_NON_LITERAL_NULL_CONVERSION = YES;
				CLANG_WARN_OBJC_IMPLICIT_RETAIN_SELF = YES;
				CLANG_WARN_OBJC_LITERAL_CONVERSION = YES;
				CLANG_WARN_OBJC_ROOT_CLASS = YES_ERROR;
				CLANG_WARN_QUOTED_INCLUDE_IN_FRAMEWORK_HEADER = YES;
				CLANG_WARN_RANGE_LOOP_ANALYSIS = YES;
				CLANG_WARN_STRICT_PROTOTYPES = YES;
				CLANG_WARN_SUSPICIOUS_MOVE = YES;
				CLANG_WARN_UNGUARDED_AVAILABILITY = YES_AGGRESSIVE;
				CLANG_WARN_UNREACHABLE_CODE = YES;
				CLANG_WARN__DUPLICATE_METHOD_MATCH = YES;
				COPY_PHASE_STRIP = NO;
				DEBUG_INFORMATION_FORMAT = dwarf;
				ENABLE_STRICT_OBJC_MSGSEND = YES;
				ENABLE_TESTABILITY = YES;
				ENABLE_USER_SCRIPT_SANDBOXING = YES;
				GCC_C_LANGUAGE_STANDARD = gnu17;
				GCC_DYNAMIC_NO_PIC = NO;
				GCC_NO_COMMON_BLOCKS = YES;
				GCC_OPTIMIZATION_LEVEL = 0;
				GCC_PREPROCESSOR_DEFINITIONS = (
					"DEBUG=1",
					"$(inherited)",
				);
				GCC_WARN_64_TO_32_BIT_CONVERSION = YES;
				GCC_WARN_ABOUT_RETURN_TYPE = YES_ERROR;
				GCC_WARN_UNDECLARED_SELECTOR = YES;
				GCC_WARN_UNINITIALIZED_AUTOS = YES_AGGRESSIVE;
				GCC_WARN_UNUSED_FUNCTION = YES;
				GCC_WARN_UNUSED_VARIABLE = YES;
				IPHONEOS_DEPLOYMENT_TARGET = 17.4;
				LOCALIZATION_PREFERS_STRING_CATALOGS = YES;
				MTL_ENABLE_DEBUG_INFO = INCLUDE_SOURCE;
				MTL_FAST_MATH = YES;
				ONLY_ACTIVE_ARCH = YES;
				SDKROOT = iphoneos;
				SWIFT_ACTIVE_COMPILATION_CONDITIONS = "DEBUG $(inherited)";
				SWIFT_OPTIMIZATION_LEVEL = "-Onone";
			};
			name = Debug;
		};
		A043AD862B9B723600A771FD /* Release */ = {
			isa = XCBuildConfiguration;
			buildSettings = {
				ALWAYS_SEARCH_USER_PATHS = NO;
				ASSETCATALOG_COMPILER_GENERATE_SWIFT_ASSET_SYMBOL_EXTENSIONS = YES;
				CLANG_ANALYZER_NONNULL = YES;
				CLANG_ANALYZER_NUMBER_OBJECT_CONVERSION = YES_AGGRESSIVE;
				CLANG_CXX_LANGUAGE_STANDARD = "gnu++20";
				CLANG_ENABLE_MODULES = YES;
				CLANG_ENABLE_OBJC_ARC = YES;
				CLANG_ENABLE_OBJC_WEAK = YES;
				CLANG_WARN_BLOCK_CAPTURE_AUTORELEASING = YES;
				CLANG_WARN_BOOL_CONVERSION = YES;
				CLANG_WARN_COMMA = YES;
				CLANG_WARN_CONSTANT_CONVERSION = YES;
				CLANG_WARN_DEPRECATED_OBJC_IMPLEMENTATIONS = YES;
				CLANG_WARN_DIRECT_OBJC_ISA_USAGE = YES_ERROR;
				CLANG_WARN_DOCUMENTATION_COMMENTS = YES;
				CLANG_WARN_EMPTY_BODY = YES;
				CLANG_WARN_ENUM_CONVERSION = YES;
				CLANG_WARN_INFINITE_RECURSION = YES;
				CLANG_WARN_INT_CONVERSION = YES;
				CLANG_WARN_NON_LITERAL_NULL_CONVERSION = YES;
				CLANG_WARN_OBJC_IMPLICIT_RETAIN_SELF = YES;
				CLANG_WARN_OBJC_LITERAL_CONVERSION = YES;
				CLANG_WARN_OBJC_ROOT_CLASS = YES_ERROR;
				CLANG_WARN_QUOTED_INCLUDE_IN_FRAMEWORK_HEADER = YES;
				CLANG_WARN_RANGE_LOOP_ANALYSIS = YES;
				CLANG_WARN_STRICT_PROTOTYPES = YES;
				CLANG_WARN_SUSPICIOUS_MOVE = YES;
				CLANG_WARN_UNGUARDED_AVAILABILITY = YES_AGGRESSIVE;
				CLANG_WARN_UNREACHABLE_CODE = YES;
				CLANG_WARN__DUPLICATE_METHOD_MATCH = YES;
				COPY_PHASE_STRIP = NO;
				DEBUG_INFORMATION_FORMAT = "dwarf-with-dsym";
				ENABLE_NS_ASSERTIONS = NO;
				ENABLE_STRICT_OBJC_MSGSEND = YES;
				ENABLE_USER_SCRIPT_SANDBOXING = YES;
				GCC_C_LANGUAGE_STANDARD = gnu17;
				GCC_NO_COMMON_BLOCKS = YES;
				GCC_WARN_64_TO_32_BIT_CONVERSION = YES;
				GCC_WARN_ABOUT_RETURN_TYPE = YES_ERROR;
				GCC_WARN_UNDECLARED_SELECTOR = YES;
				GCC_WARN_UNINITIALIZED_AUTOS = YES_AGGRESSIVE;
				GCC_WARN_UNUSED_FUNCTION = YES;
				GCC_WARN_UNUSED_VARIABLE = YES;
				IPHONEOS_DEPLOYMENT_TARGET = 17.4;
				LOCALIZATION_PREFERS_STRING_CATALOGS = YES;
				MTL_ENABLE_DEBUG_INFO = NO;
				MTL_FAST_MATH = YES;
				SDKROOT = iphoneos;
				SWIFT_COMPILATION_MODE = wholemodule;
				VALIDATE_PRODUCT = YES;
			};
			name = Release;
		};
		A043AD882B9B723600A771FD /* Debug */ = {
			isa = XCBuildConfiguration;
			buildSettings = {
				ASSETCATALOG_COMPILER_APPICON_NAME = AppIcon;
				ASSETCATALOG_COMPILER_GLOBAL_ACCENT_COLOR_NAME = AccentColor;
				CODE_SIGN_STYLE = Automatic;
				CURRENT_PROJECT_VERSION = 1;
				DEVELOPMENT_ASSET_PATHS = "\"StateAndDataFlow/Preview Content\"";
				ENABLE_PREVIEWS = YES;
				GENERATE_INFOPLIST_FILE = YES;
				INFOPLIST_KEY_UIApplicationSceneManifest_Generation = YES;
				INFOPLIST_KEY_UIApplicationSupportsIndirectInputEvents = YES;
				INFOPLIST_KEY_UILaunchScreen_Generation = YES;
				INFOPLIST_KEY_UISupportedInterfaceOrientations_iPad = "UIInterfaceOrientationPortrait UIInterfaceOrientationPortraitUpsideDown UIInterfaceOrientationLandscapeLeft UIInterfaceOrientationLandscapeRight";
				INFOPLIST_KEY_UISupportedInterfaceOrientations_iPhone = "UIInterfaceOrientationPortrait UIInterfaceOrientationLandscapeLeft UIInterfaceOrientationLandscapeRight";
				LD_RUNPATH_SEARCH_PATHS = (
					"$(inherited)",
					"@executable_path/Frameworks",
				);
				MARKETING_VERSION = 1.0;
				PRODUCT_BUNDLE_IDENTIFIER = wupiupi.StateAndDataFlow;
				PRODUCT_NAME = "$(TARGET_NAME)";
				SWIFT_EMIT_LOC_STRINGS = YES;
				SWIFT_VERSION = 5.0;
				TARGETED_DEVICE_FAMILY = "1,2";
			};
			name = Debug;
		};
		A043AD892B9B723600A771FD /* Release */ = {
			isa = XCBuildConfiguration;
			buildSettings = {
				ASSETCATALOG_COMPILER_APPICON_NAME = AppIcon;
				ASSETCATALOG_COMPILER_GLOBAL_ACCENT_COLOR_NAME = AccentColor;
				CODE_SIGN_STYLE = Automatic;
				CURRENT_PROJECT_VERSION = 1;
				DEVELOPMENT_ASSET_PATHS = "\"StateAndDataFlow/Preview Content\"";
				ENABLE_PREVIEWS = YES;
				GENERATE_INFOPLIST_FILE = YES;
				INFOPLIST_KEY_UIApplicationSceneManifest_Generation = YES;
				INFOPLIST_KEY_UIApplicationSupportsIndirectInputEvents = YES;
				INFOPLIST_KEY_UILaunchScreen_Generation = YES;
				INFOPLIST_KEY_UISupportedInterfaceOrientations_iPad = "UIInterfaceOrientationPortrait UIInterfaceOrientationPortraitUpsideDown UIInterfaceOrientationLandscapeLeft UIInterfaceOrientationLandscapeRight";
				INFOPLIST_KEY_UISupportedInterfaceOrientations_iPhone = "UIInterfaceOrientationPortrait UIInterfaceOrientationLandscapeLeft UIInterfaceOrientationLandscapeRight";
				LD_RUNPATH_SEARCH_PATHS = (
					"$(inherited)",
					"@executable_path/Frameworks",
				);
				MARKETING_VERSION = 1.0;
				PRODUCT_BUNDLE_IDENTIFIER = wupiupi.StateAndDataFlow;
				PRODUCT_NAME = "$(TARGET_NAME)";
				SWIFT_EMIT_LOC_STRINGS = YES;
				SWIFT_VERSION = 5.0;
				TARGETED_DEVICE_FAMILY = "1,2";
			};
			name = Release;
		};
/* End XCBuildConfiguration section */

/* Begin XCConfigurationList section */
		A043AD742B9B723500A771FD /* Build configuration list for PBXProject "StateAndDataFlow" */ = {
			isa = XCConfigurationList;
			buildConfigurations = (
				A043AD852B9B723600A771FD /* Debug */,
				A043AD862B9B723600A771FD /* Release */,
			);
			defaultConfigurationIsVisible = 0;
			defaultConfigurationName = Release;
		};
		A043AD872B9B723600A771FD /* Build configuration list for PBXNativeTarget "StateAndDataFlow" */ = {
			isa = XCConfigurationList;
			buildConfigurations = (
				A043AD882B9B723600A771FD /* Debug */,
				A043AD892B9B723600A771FD /* Release */,
			);
			defaultConfigurationIsVisible = 0;
			defaultConfigurationName = Release;
		};
/* End XCConfigurationList section */
	};
	rootObject = A043AD712B9B723500A771FD /* Project object */;
}
